# This file is automatically @generated by Cargo.
# It is not intended for manual editing.
[[package]]
name = "cfg-if"
version = "0.1.9"
source = "registry+https://github.com/rust-lang/crates.io-index"

[[package]]
name = "lazy_static"
version = "1.3.0"
source = "registry+https://github.com/rust-lang/crates.io-index"

[[package]]
name = "log"
version = "0.4.6"
source = "registry+https://github.com/rust-lang/crates.io-index"
dependencies = [
 "cfg-if 0.1.9 (registry+https://github.com/rust-lang/crates.io-index)",
]

[[package]]
name = "rust-z3-test"
version = "0.1.0"
dependencies = [
 "z3 0.3.2 (registry+https://github.com/rust-lang/crates.io-index)",
]

[[package]]
name = "z3"
version = "0.3.2"
source = "registry+https://github.com/rust-lang/crates.io-index"
dependencies = [
 "lazy_static 1.3.0 (registry+https://github.com/rust-lang/crates.io-index)",
 "log 0.4.6 (registry+https://github.com/rust-lang/crates.io-index)",
 "z3-sys 0.4.0 (registry+https://github.com/rust-lang/crates.io-index)",
]

[[package]]
name = "z3-sys"
version = "0.4.0"
source = "registry+https://github.com/rust-lang/crates.io-index"

[metadata]
"checksum cfg-if 0.1.9 (registry+https://github.com/rust-lang/crates.io-index)" = "b486ce3ccf7ffd79fdeb678eac06a9e6c09fc88d33836340becb8fffe87c5e33"
"checksum lazy_static 1.3.0 (registry+https://github.com/rust-lang/crates.io-index)" = "bc5729f27f159ddd61f4df6228e827e86643d4d3e7c32183cb30a1c08f604a14"
"checksum log 0.4.6 (registry+https://github.com/rust-lang/crates.io-index)" = "c84ec4b527950aa83a329754b01dbe3f58361d1c5efacd1f6d68c494d08a17c6"
"checksum z3 0.3.2 (registry+https://github.com/rust-lang/crates.io-index)" = "64b756784ad9666b8128c486d6f3eee4d9f7627d8af54ff4502d178811648f09"
"checksum z3-sys 0.4.0 (registry+https://github.com/rust-lang/crates.io-index)" = "1dff903712349c6fa80acbd690641acd98f170a2e01b6f28f8fdcf850e2d4500"
